{
  "name": "primo-explore-devenv-docker",
  "version": "1.1.0",
  "lockfileVersion": 1,
  "requires": true,
  "dependencies": {
    "oca-central-package": {
      "version": "1.1.0",
      "resolved": "https://registry.npmjs.org/oca-central-package/-/oca-central-package-1.1.0.tgz",
      "integrity": "sha512-KIlwbJBXh0w+btLzmQb13Xfb8vT59qV7PV14YI0a9tlpag1U3Iq/MGvzTQvlrdAXL9D/Rezmacyjw2jTyP9RaA=="
    },
    "oca-test-package": {
      "version": "1.0.0",
      "resolved": "https://registry.npmjs.org/oca-test-package/-/oca-test-package-1.0.0.tgz",
      "integrity": "sha512-MG0BzoRZCAmXZFrGLDkIR0+3V3EMhIvzk3WIrHWo3t1dTS7i9YiFPmMJQV2qzPtlqTMA0Vrx6yiajpXT6HHI9w=="
    },
    "primo-explore-devenv": {
      "version": "1.0.5",
      "resolved": "https://registry.npmjs.org/primo-explore-devenv/-/primo-explore-devenv-1.0.5.tgz",
      "integrity": "sha1-nOR0IChpAEITuqVJWKdklcUSYVc="
    }
  }
}
